// !$*UTF8*$!
{
	archiveVersion = 1;
	classes = {
	};
	objectVersion = 46;
	objects = {

/* Begin PBXBuildFile section */
		OBJ_101 /* Package.swift in Sources */ = {isa = PBXBuildFile; fileRef = OBJ_6 /* Package.swift */; };
		OBJ_61 /* Box.swift in Sources */ = {isa = PBXBuildFile; fileRef = OBJ_12 /* Box.swift */; };
		OBJ_62 /* Lazy.swift in Sources */ = {isa = PBXBuildFile; fileRef = OBJ_13 /* Lazy.swift */; };
		OBJ_63 /* Model.swift in Sources */ = {isa = PBXBuildFile; fileRef = OBJ_14 /* Model.swift */; };
		OBJ_64 /* Storage.swift in Sources */ = {isa = PBXBuildFile; fileRef = OBJ_15 /* Storage.swift */; };
		OBJ_65 /* ConditionalPropertyOverwritingMergePolicy.swift in Sources */ = {isa = PBXBuildFile; fileRef = OBJ_17 /* ConditionalPropertyOverwritingMergePolicy.swift */; };
		OBJ_66 /* CoreData.swift in Sources */ = {isa = PBXBuildFile; fileRef = OBJ_18 /* CoreData.swift */; };
		OBJ_67 /* Functions.swift in Sources */ = {isa = PBXBuildFile; fileRef = OBJ_19 /* Functions.swift */; };
		OBJ_68 /* ImageCache.swift in Sources */ = {isa = PBXBuildFile; fileRef = OBJ_20 /* ImageCache.swift */; };
		OBJ_69 /* PropertyList.swift in Sources */ = {isa = PBXBuildFile; fileRef = OBJ_21 /* PropertyList.swift */; };
		OBJ_70 /* CALayer.swift in Sources */ = {isa = PBXBuildFile; fileRef = OBJ_23 /* CALayer.swift */; };
		OBJ_71 /* CGFloat.swift in Sources */ = {isa = PBXBuildFile; fileRef = OBJ_24 /* CGFloat.swift */; };
		OBJ_72 /* Collection.swift in Sources */ = {isa = PBXBuildFile; fileRef = OBJ_25 /* Collection.swift */; };
		OBJ_73 /* Comparable.swift in Sources */ = {isa = PBXBuildFile; fileRef = OBJ_26 /* Comparable.swift */; };
		OBJ_74 /* Date.swift in Sources */ = {isa = PBXBuildFile; fileRef = OBJ_27 /* Date.swift */; };
		OBJ_75 /* NSLayoutConstraint.swift in Sources */ = {isa = PBXBuildFile; fileRef = OBJ_28 /* NSLayoutConstraint.swift */; };
		OBJ_76 /* Optional.swift in Sources */ = {isa = PBXBuildFile; fileRef = OBJ_29 /* Optional.swift */; };
		OBJ_77 /* String.swift in Sources */ = {isa = PBXBuildFile; fileRef = OBJ_30 /* String.swift */; };
		OBJ_78 /* UIButton.swift in Sources */ = {isa = PBXBuildFile; fileRef = OBJ_31 /* UIButton.swift */; };
		OBJ_79 /* UIColor.swift in Sources */ = {isa = PBXBuildFile; fileRef = OBJ_32 /* UIColor.swift */; };
		OBJ_80 /* UIEdgeInsets.swift in Sources */ = {isa = PBXBuildFile; fileRef = OBJ_33 /* UIEdgeInsets.swift */; };
		OBJ_81 /* UILabel.swift in Sources */ = {isa = PBXBuildFile; fileRef = OBJ_34 /* UILabel.swift */; };
		OBJ_82 /* UILayoutGuide.swift in Sources */ = {isa = PBXBuildFile; fileRef = OBJ_35 /* UILayoutGuide.swift */; };
		OBJ_83 /* UILayoutPriority.swift in Sources */ = {isa = PBXBuildFile; fileRef = OBJ_36 /* UILayoutPriority.swift */; };
		OBJ_84 /* UINavigationBar.swift in Sources */ = {isa = PBXBuildFile; fileRef = OBJ_37 /* UINavigationBar.swift */; };
		OBJ_85 /* UINavigationController.swift in Sources */ = {isa = PBXBuildFile; fileRef = OBJ_38 /* UINavigationController.swift */; };
		OBJ_86 /* UISearchBar.swift in Sources */ = {isa = PBXBuildFile; fileRef = OBJ_39 /* UISearchBar.swift */; };
		OBJ_87 /* UIStackView.swift in Sources */ = {isa = PBXBuildFile; fileRef = OBJ_40 /* UIStackView.swift */; };
		OBJ_88 /* UITextField.swift in Sources */ = {isa = PBXBuildFile; fileRef = OBJ_41 /* UITextField.swift */; };
		OBJ_89 /* UIView.swift in Sources */ = {isa = PBXBuildFile; fileRef = OBJ_42 /* UIView.swift */; };
		OBJ_90 /* UserDefaults.swift in Sources */ = {isa = PBXBuildFile; fileRef = OBJ_43 /* UserDefaults.swift */; };
		OBJ_91 /* Button.swift in Sources */ = {isa = PBXBuildFile; fileRef = OBJ_45 /* Button.swift */; };
		OBJ_92 /* CachedImageView.swift in Sources */ = {isa = PBXBuildFile; fileRef = OBJ_46 /* CachedImageView.swift */; };
		OBJ_93 /* GradientView.swift in Sources */ = {isa = PBXBuildFile; fileRef = OBJ_47 /* GradientView.swift */; };
		OBJ_94 /* TextField.swift in Sources */ = {isa = PBXBuildFile; fileRef = OBJ_48 /* TextField.swift */; };
/* End PBXBuildFile section */

/* Begin PBXFileReference section */
		OBJ_10 /* Info.plist */ = {isa = PBXFileReference; lastKnownFileType = text.plist.xml; path = Info.plist; sourceTree = "<group>"; };
		OBJ_12 /* Box.swift */ = {isa = PBXFileReference; lastKnownFileType = sourcecode.swift; path = Box.swift; sourceTree = "<group>"; };
		OBJ_13 /* Lazy.swift */ = {isa = PBXFileReference; lastKnownFileType = sourcecode.swift; path = Lazy.swift; sourceTree = "<group>"; };
		OBJ_14 /* Model.swift */ = {isa = PBXFileReference; lastKnownFileType = sourcecode.swift; path = Model.swift; sourceTree = "<group>"; };
		OBJ_15 /* Storage.swift */ = {isa = PBXFileReference; lastKnownFileType = sourcecode.swift; path = Storage.swift; sourceTree = "<group>"; };
		OBJ_17 /* ConditionalPropertyOverwritingMergePolicy.swift */ = {isa = PBXFileReference; lastKnownFileType = sourcecode.swift; path = ConditionalPropertyOverwritingMergePolicy.swift; sourceTree = "<group>"; };
		OBJ_18 /* CoreData.swift */ = {isa = PBXFileReference; lastKnownFileType = sourcecode.swift; path = CoreData.swift; sourceTree = "<group>"; };
		OBJ_19 /* Functions.swift */ = {isa = PBXFileReference; lastKnownFileType = sourcecode.swift; path = Functions.swift; sourceTree = "<group>"; };
		OBJ_20 /* ImageCache.swift */ = {isa = PBXFileReference; lastKnownFileType = sourcecode.swift; path = ImageCache.swift; sourceTree = "<group>"; };
		OBJ_21 /* PropertyList.swift */ = {isa = PBXFileReference; lastKnownFileType = sourcecode.swift; path = PropertyList.swift; sourceTree = "<group>"; };
		OBJ_23 /* CALayer.swift */ = {isa = PBXFileReference; lastKnownFileType = sourcecode.swift; path = CALayer.swift; sourceTree = "<group>"; };
		OBJ_24 /* CGFloat.swift */ = {isa = PBXFileReference; lastKnownFileType = sourcecode.swift; path = CGFloat.swift; sourceTree = "<group>"; };
		OBJ_25 /* Collection.swift */ = {isa = PBXFileReference; lastKnownFileType = sourcecode.swift; path = Collection.swift; sourceTree = "<group>"; };
		OBJ_26 /* Comparable.swift */ = {isa = PBXFileReference; lastKnownFileType = sourcecode.swift; path = Comparable.swift; sourceTree = "<group>"; };
		OBJ_27 /* Date.swift */ = {isa = PBXFileReference; lastKnownFileType = sourcecode.swift; path = Date.swift; sourceTree = "<group>"; };
		OBJ_28 /* NSLayoutConstraint.swift */ = {isa = PBXFileReference; lastKnownFileType = sourcecode.swift; path = NSLayoutConstraint.swift; sourceTree = "<group>"; };
		OBJ_29 /* Optional.swift */ = {isa = PBXFileReference; lastKnownFileType = sourcecode.swift; path = Optional.swift; sourceTree = "<group>"; };
		OBJ_30 /* String.swift */ = {isa = PBXFileReference; lastKnownFileType = sourcecode.swift; path = String.swift; sourceTree = "<group>"; };
		OBJ_31 /* UIButton.swift */ = {isa = PBXFileReference; lastKnownFileType = sourcecode.swift; path = UIButton.swift; sourceTree = "<group>"; };
		OBJ_32 /* UIColor.swift */ = {isa = PBXFileReference; lastKnownFileType = sourcecode.swift; path = UIColor.swift; sourceTree = "<group>"; };
		OBJ_33 /* UIEdgeInsets.swift */ = {isa = PBXFileReference; lastKnownFileType = sourcecode.swift; path = UIEdgeInsets.swift; sourceTree = "<group>"; };
		OBJ_34 /* UILabel.swift */ = {isa = PBXFileReference; lastKnownFileType = sourcecode.swift; path = UILabel.swift; sourceTree = "<group>"; };
		OBJ_35 /* UILayoutGuide.swift */ = {isa = PBXFileReference; lastKnownFileType = sourcecode.swift; path = UILayoutGuide.swift; sourceTree = "<group>"; };
		OBJ_36 /* UILayoutPriority.swift */ = {isa = PBXFileReference; lastKnownFileType = sourcecode.swift; path = UILayoutPriority.swift; sourceTree = "<group>"; };
		OBJ_37 /* UINavigationBar.swift */ = {isa = PBXFileReference; lastKnownFileType = sourcecode.swift; path = UINavigationBar.swift; sourceTree = "<group>"; };
		OBJ_38 /* UINavigationController.swift */ = {isa = PBXFileReference; lastKnownFileType = sourcecode.swift; path = UINavigationController.swift; sourceTree = "<group>"; };
		OBJ_39 /* UISearchBar.swift */ = {isa = PBXFileReference; lastKnownFileType = sourcecode.swift; path = UISearchBar.swift; sourceTree = "<group>"; };
		OBJ_40 /* UIStackView.swift */ = {isa = PBXFileReference; lastKnownFileType = sourcecode.swift; path = UIStackView.swift; sourceTree = "<group>"; };
		OBJ_41 /* UITextField.swift */ = {isa = PBXFileReference; lastKnownFileType = sourcecode.swift; path = UITextField.swift; sourceTree = "<group>"; };
		OBJ_42 /* UIView.swift */ = {isa = PBXFileReference; lastKnownFileType = sourcecode.swift; path = UIView.swift; sourceTree = "<group>"; };
		OBJ_43 /* UserDefaults.swift */ = {isa = PBXFileReference; lastKnownFileType = sourcecode.swift; path = UserDefaults.swift; sourceTree = "<group>"; };
		OBJ_45 /* Button.swift */ = {isa = PBXFileReference; lastKnownFileType = sourcecode.swift; path = Button.swift; sourceTree = "<group>"; };
		OBJ_46 /* CachedImageView.swift */ = {isa = PBXFileReference; lastKnownFileType = sourcecode.swift; path = CachedImageView.swift; sourceTree = "<group>"; };
		OBJ_47 /* GradientView.swift */ = {isa = PBXFileReference; lastKnownFileType = sourcecode.swift; path = GradientView.swift; sourceTree = "<group>"; };
		OBJ_48 /* TextField.swift */ = {isa = PBXFileReference; lastKnownFileType = sourcecode.swift; path = TextField.swift; sourceTree = "<group>"; };
		OBJ_52 /* LICENSE */ = {isa = PBXFileReference; lastKnownFileType = text; path = LICENSE; sourceTree = "<group>"; };
		OBJ_53 /* analyze.sh */ = {isa = PBXFileReference; lastKnownFileType = text.script.sh; path = analyze.sh; sourceTree = "<group>"; };
		OBJ_54 /* README.md */ = {isa = PBXFileReference; lastKnownFileType = net.daringfireball.markdown; path = README.md; sourceTree = "<group>"; };
		OBJ_55 /* genstrings.rb */ = {isa = PBXFileReference; lastKnownFileType = text.script.ruby; path = genstrings.rb; sourceTree = "<group>"; };
		OBJ_6 /* Package.swift */ = {isa = PBXFileReference; explicitFileType = sourcecode.swift; path = Package.swift; sourceTree = "<group>"; };
		OBJ_9 /* Toolkit.h */ = {isa = PBXFileReference; lastKnownFileType = sourcecode.c.h; path = Toolkit.h; sourceTree = "<group>"; };
		"Toolkit::Toolkit::Product" /* Toolkit.framework */ = {isa = PBXFileReference; explicitFileType = wrapper.framework; path = Toolkit.framework; sourceTree = BUILT_PRODUCTS_DIR; };
/* End PBXFileReference section */

/* Begin PBXFrameworksBuildPhase section */
		OBJ_95 /* Frameworks */ = {
			isa = PBXFrameworksBuildPhase;
			buildActionMask = 0;
			files = (
			);
			runOnlyForDeploymentPostprocessing = 0;
		};
/* End PBXFrameworksBuildPhase section */

/* Begin PBXGroup section */
		OBJ_11 /* Abstractions */ = {
			isa = PBXGroup;
			children = (
				OBJ_12 /* Box.swift */,
				OBJ_13 /* Lazy.swift */,
				OBJ_14 /* Model.swift */,
				OBJ_15 /* Storage.swift */,
			);
			path = Abstractions;
			sourceTree = "<group>";
		};
		OBJ_16 /* Core */ = {
			isa = PBXGroup;
			children = (
				OBJ_17 /* ConditionalPropertyOverwritingMergePolicy.swift */,
				OBJ_18 /* CoreData.swift */,
				OBJ_19 /* Functions.swift */,
				OBJ_20 /* ImageCache.swift */,
				OBJ_21 /* PropertyList.swift */,
			);
			path = Core;
			sourceTree = "<group>";
		};
		OBJ_22 /* Extensions */ = {
			isa = PBXGroup;
			children = (
				OBJ_23 /* CALayer.swift */,
				OBJ_24 /* CGFloat.swift */,
				OBJ_25 /* Collection.swift */,
				OBJ_26 /* Comparable.swift */,
				OBJ_27 /* Date.swift */,
				OBJ_28 /* NSLayoutConstraint.swift */,
				OBJ_29 /* Optional.swift */,
				OBJ_30 /* String.swift */,
				OBJ_31 /* UIButton.swift */,
				OBJ_32 /* UIColor.swift */,
				OBJ_33 /* UIEdgeInsets.swift */,
				OBJ_34 /* UILabel.swift */,
				OBJ_35 /* UILayoutGuide.swift */,
				OBJ_36 /* UILayoutPriority.swift */,
				OBJ_37 /* UINavigationBar.swift */,
				OBJ_38 /* UINavigationController.swift */,
				OBJ_39 /* UISearchBar.swift */,
				OBJ_40 /* UIStackView.swift */,
				OBJ_41 /* UITextField.swift */,
				OBJ_42 /* UIView.swift */,
				OBJ_43 /* UserDefaults.swift */,
			);
			path = Extensions;
			sourceTree = "<group>";
		};
		OBJ_44 /* UI */ = {
			isa = PBXGroup;
			children = (
				OBJ_45 /* Button.swift */,
				OBJ_46 /* CachedImageView.swift */,
				OBJ_47 /* GradientView.swift */,
				OBJ_48 /* TextField.swift */,
			);
			path = UI;
			sourceTree = "<group>";
		};
		OBJ_49 /* Tests */ = {
			isa = PBXGroup;
			children = (
			);
			name = Tests;
			sourceTree = SOURCE_ROOT;
		};
		OBJ_5 /*  */ = {
			isa = PBXGroup;
			children = (
				OBJ_6 /* Package.swift */,
				OBJ_7 /* Sources */,
				OBJ_49 /* Tests */,
				OBJ_50 /* Products */,
				OBJ_52 /* LICENSE */,
				OBJ_53 /* analyze.sh */,
				OBJ_54 /* README.md */,
				OBJ_55 /* genstrings.rb */,
			);
			name = "";
			sourceTree = "<group>";
		};
		OBJ_50 /* Products */ = {
			isa = PBXGroup;
			children = (
				"Toolkit::Toolkit::Product" /* Toolkit.framework */,
			);
			name = Products;
			sourceTree = BUILT_PRODUCTS_DIR;
		};
		OBJ_7 /* Sources */ = {
			isa = PBXGroup;
			children = (
				OBJ_8 /* Toolkit */,
			);
			name = Sources;
			sourceTree = SOURCE_ROOT;
		};
		OBJ_8 /* Toolkit */ = {
			isa = PBXGroup;
			children = (
				OBJ_9 /* Toolkit.h */,
				OBJ_10 /* Info.plist */,
				OBJ_11 /* Abstractions */,
				OBJ_16 /* Core */,
				OBJ_22 /* Extensions */,
				OBJ_44 /* UI */,
			);
			name = Toolkit;
			path = Sources/Toolkit;
			sourceTree = SOURCE_ROOT;
		};
/* End PBXGroup section */

/* Begin PBXNativeTarget section */
		"Toolkit::SwiftPMPackageDescription" /* ToolkitPackageDescription */ = {
			isa = PBXNativeTarget;
			buildConfigurationList = OBJ_97 /* Build configuration list for PBXNativeTarget "ToolkitPackageDescription" */;
			buildPhases = (
				OBJ_100 /* Sources */,
			);
			buildRules = (
			);
			dependencies = (
			);
			name = ToolkitPackageDescription;
			productName = ToolkitPackageDescription;
			productType = "com.apple.product-type.framework";
		};
		"Toolkit::Toolkit" /* Toolkit */ = {
			isa = PBXNativeTarget;
			buildConfigurationList = OBJ_57 /* Build configuration list for PBXNativeTarget "Toolkit" */;
			buildPhases = (
				OBJ_60 /* Sources */,
				OBJ_95 /* Frameworks */,
			);
			buildRules = (
			);
			dependencies = (
			);
			name = Toolkit;
			productName = Toolkit;
			productReference = "Toolkit::Toolkit::Product" /* Toolkit.framework */;
			productType = "com.apple.product-type.framework";
		};
/* End PBXNativeTarget section */

/* Begin PBXProject section */
		OBJ_1 /* Project object */ = {
			isa = PBXProject;
			attributes = {
				LastSwiftMigration = 9999;
				LastUpgradeCheck = 9999;
			};
			buildConfigurationList = OBJ_2 /* Build configuration list for PBXProject "Toolkit" */;
			compatibilityVersion = "Xcode 3.2";
			developmentRegion = en;
			hasScannedForEncodings = 0;
			knownRegions = (
				en,
			);
			mainGroup = OBJ_5 /*  */;
			productRefGroup = OBJ_50 /* Products */;
			projectDirPath = "";
			projectRoot = "";
			targets = (
				"Toolkit::Toolkit" /* Toolkit */,
				"Toolkit::SwiftPMPackageDescription" /* ToolkitPackageDescription */,
			);
		};
/* End PBXProject section */

/* Begin PBXSourcesBuildPhase section */
		OBJ_100 /* Sources */ = {
			isa = PBXSourcesBuildPhase;
			buildActionMask = 0;
			files = (
				OBJ_101 /* Package.swift in Sources */,
			);
			runOnlyForDeploymentPostprocessing = 0;
		};
		OBJ_60 /* Sources */ = {
			isa = PBXSourcesBuildPhase;
			buildActionMask = 0;
			files = (
				OBJ_61 /* Box.swift in Sources */,
				OBJ_62 /* Lazy.swift in Sources */,
				OBJ_63 /* Model.swift in Sources */,
				OBJ_64 /* Storage.swift in Sources */,
				OBJ_65 /* ConditionalPropertyOverwritingMergePolicy.swift in Sources */,
				OBJ_66 /* CoreData.swift in Sources */,
				OBJ_67 /* Functions.swift in Sources */,
				OBJ_68 /* ImageCache.swift in Sources */,
				OBJ_69 /* PropertyList.swift in Sources */,
				OBJ_70 /* CALayer.swift in Sources */,
				OBJ_71 /* CGFloat.swift in Sources */,
				OBJ_72 /* Collection.swift in Sources */,
				OBJ_73 /* Comparable.swift in Sources */,
				OBJ_74 /* Date.swift in Sources */,
				OBJ_75 /* NSLayoutConstraint.swift in Sources */,
				OBJ_76 /* Optional.swift in Sources */,
				OBJ_77 /* String.swift in Sources */,
				OBJ_78 /* UIButton.swift in Sources */,
				OBJ_79 /* UIColor.swift in Sources */,
				OBJ_80 /* UIEdgeInsets.swift in Sources */,
				OBJ_81 /* UILabel.swift in Sources */,
				OBJ_82 /* UILayoutGuide.swift in Sources */,
				OBJ_83 /* UILayoutPriority.swift in Sources */,
				OBJ_84 /* UINavigationBar.swift in Sources */,
				OBJ_85 /* UINavigationController.swift in Sources */,
				OBJ_86 /* UISearchBar.swift in Sources */,
				OBJ_87 /* UIStackView.swift in Sources */,
				OBJ_88 /* UITextField.swift in Sources */,
				OBJ_89 /* UIView.swift in Sources */,
				OBJ_90 /* UserDefaults.swift in Sources */,
				OBJ_91 /* Button.swift in Sources */,
				OBJ_92 /* CachedImageView.swift in Sources */,
				OBJ_93 /* GradientView.swift in Sources */,
				OBJ_94 /* TextField.swift in Sources */,
			);
			runOnlyForDeploymentPostprocessing = 0;
		};
/* End PBXSourcesBuildPhase section */

/* Begin XCBuildConfiguration section */
		OBJ_3 /* Debug */ = {
			isa = XCBuildConfiguration;
			buildSettings = {
				CLANG_ENABLE_OBJC_ARC = YES;
				COMBINE_HIDPI_IMAGES = YES;
				COPY_PHASE_STRIP = NO;
				DEBUG_INFORMATION_FORMAT = dwarf;
				DYLIB_INSTALL_NAME_BASE = "@rpath";
				ENABLE_NS_ASSERTIONS = YES;
				GCC_OPTIMIZATION_LEVEL = 0;
				GCC_PREPROCESSOR_DEFINITIONS = (
					"$(inherited)",
					"SWIFT_PACKAGE=1",
					"DEBUG=1",
				);
				IPHONEOS_DEPLOYMENT_TARGET = 10.0;
				MACOSX_DEPLOYMENT_TARGET = 10.10;
				ONLY_ACTIVE_ARCH = YES;
				OTHER_SWIFT_FLAGS = "$(inherited) -DXcode";
				PRODUCT_NAME = "$(TARGET_NAME)";
				SDKROOT = iphoneos;
				SUPPORTED_PLATFORMS = "macosx iphoneos iphonesimulator appletvos appletvsimulator watchos watchsimulator";
				SWIFT_ACTIVE_COMPILATION_CONDITIONS = "$(inherited) SWIFT_PACKAGE DEBUG";
				SWIFT_OPTIMIZATION_LEVEL = "-Onone";
				USE_HEADERMAP = NO;
			};
			name = Debug;
		};
		OBJ_4 /* Release */ = {
			isa = XCBuildConfiguration;
			buildSettings = {
				CLANG_ENABLE_OBJC_ARC = YES;
				COMBINE_HIDPI_IMAGES = YES;
				COPY_PHASE_STRIP = YES;
				DEBUG_INFORMATION_FORMAT = "dwarf-with-dsym";
				DYLIB_INSTALL_NAME_BASE = "@rpath";
				GCC_OPTIMIZATION_LEVEL = s;
				GCC_PREPROCESSOR_DEFINITIONS = (
					"$(inherited)",
					"SWIFT_PACKAGE=1",
				);
				IPHONEOS_DEPLOYMENT_TARGET = 10.0;
				MACOSX_DEPLOYMENT_TARGET = 10.10;
				OTHER_SWIFT_FLAGS = "$(inherited) -DXcode";
				PRODUCT_NAME = "$(TARGET_NAME)";
				SDKROOT = iphoneos;
				SUPPORTED_PLATFORMS = "macosx iphoneos iphonesimulator appletvos appletvsimulator watchos watchsimulator";
				SWIFT_ACTIVE_COMPILATION_CONDITIONS = "$(inherited) SWIFT_PACKAGE";
				SWIFT_OPTIMIZATION_LEVEL = "-Owholemodule";
				USE_HEADERMAP = NO;
			};
			name = Release;
		};
		OBJ_58 /* Debug */ = {
			isa = XCBuildConfiguration;
			buildSettings = {
				ENABLE_TESTABILITY = YES;
				FRAMEWORK_SEARCH_PATHS = (
					"$(inherited)",
					"$(PLATFORM_DIR)/Developer/Library/Frameworks",
				);
				HEADER_SEARCH_PATHS = "$(inherited)";
				INFOPLIST_FILE = Toolkit.xcodeproj/Toolkit_Info.plist;
				IPHONEOS_DEPLOYMENT_TARGET = 10.0;
				LD_RUNPATH_SEARCH_PATHS = "$(inherited) $(TOOLCHAIN_DIR)/usr/lib/swift/macosx";
				MACOSX_DEPLOYMENT_TARGET = 10.10;
				OTHER_CFLAGS = "$(inherited)";
				OTHER_LDFLAGS = "$(inherited)";
				OTHER_SWIFT_FLAGS = "$(inherited)";
				PRODUCT_BUNDLE_IDENTIFIER = Toolkit;
				PRODUCT_MODULE_NAME = "$(TARGET_NAME:c99extidentifier)";
				PRODUCT_NAME = "$(TARGET_NAME:c99extidentifier)";
				SKIP_INSTALL = YES;
				SWIFT_ACTIVE_COMPILATION_CONDITIONS = "$(inherited)";
				SWIFT_VERSION = 5.0;
				TARGET_NAME = Toolkit;
				TVOS_DEPLOYMENT_TARGET = 9.0;
				WATCHOS_DEPLOYMENT_TARGET = 2.0;
			};
			name = Debug;
		};
		OBJ_59 /* Release */ = {
			isa = XCBuildConfiguration;
			buildSettings = {
				ENABLE_TESTABILITY = YES;
				FRAMEWORK_SEARCH_PATHS = (
					"$(inherited)",
					"$(PLATFORM_DIR)/Developer/Library/Frameworks",
				);
				HEADER_SEARCH_PATHS = "$(inherited)";
				INFOPLIST_FILE = Toolkit.xcodeproj/Toolkit_Info.plist;
				IPHONEOS_DEPLOYMENT_TARGET = 10.0;
				LD_RUNPATH_SEARCH_PATHS = "$(inherited) $(TOOLCHAIN_DIR)/usr/lib/swift/macosx";
				MACOSX_DEPLOYMENT_TARGET = 10.10;
				OTHER_CFLAGS = "$(inherited)";
				OTHER_LDFLAGS = "$(inherited)";
				OTHER_SWIFT_FLAGS = "$(inherited)";
				PRODUCT_BUNDLE_IDENTIFIER = Toolkit;
				PRODUCT_MODULE_NAME = "$(TARGET_NAME:c99extidentifier)";
				PRODUCT_NAME = "$(TARGET_NAME:c99extidentifier)";
				SKIP_INSTALL = YES;
				SWIFT_ACTIVE_COMPILATION_CONDITIONS = "$(inherited)";
				SWIFT_VERSION = 5.0;
				TARGET_NAME = Toolkit;
				TVOS_DEPLOYMENT_TARGET = 9.0;
				WATCHOS_DEPLOYMENT_TARGET = 2.0;
			};
			name = Release;
		};
		OBJ_98 /* Debug */ = {
			isa = XCBuildConfiguration;
			buildSettings = {
				LD = /usr/bin/true;
				OTHER_SWIFT_FLAGS = "-swift-version 5 -I $(TOOLCHAIN_DIR)/usr/lib/swift/pm/4_2 -target x86_64-apple-macosx10.10 -sdk /Applications/Xcode.app/Contents/Developer/Platforms/MacOSX.platform/Developer/SDKs/MacOSX10.15.sdk -package-description-version 5.2.0";
				SWIFT_VERSION = 5.0;
			};
			name = Debug;
		};
		OBJ_99 /* Release */ = {
			isa = XCBuildConfiguration;
			buildSettings = {
				LD = /usr/bin/true;
				OTHER_SWIFT_FLAGS = "-swift-version 5 -I $(TOOLCHAIN_DIR)/usr/lib/swift/pm/4_2 -target x86_64-apple-macosx10.10 -sdk /Applications/Xcode.app/Contents/Developer/Platforms/MacOSX.platform/Developer/SDKs/MacOSX10.15.sdk -package-description-version 5.2.0";
				SWIFT_VERSION = 5.0;
			};
			name = Release;
		};
/* End XCBuildConfiguration section */

/* Begin XCConfigurationList section */
		OBJ_2 /* Build configuration list for PBXProject "Toolkit" */ = {
			isa = XCConfigurationList;
			buildConfigurations = (
				OBJ_3 /* Debug */,
				OBJ_4 /* Release */,
			);
			defaultConfigurationIsVisible = 0;
			defaultConfigurationName = Release;
		};
		OBJ_57 /* Build configuration list for PBXNativeTarget "Toolkit" */ = {
			isa = XCConfigurationList;
			buildConfigurations = (
				OBJ_58 /* Debug */,
				OBJ_59 /* Release */,
			);
			defaultConfigurationIsVisible = 0;
			defaultConfigurationName = Release;
		};
		OBJ_97 /* Build configuration list for PBXNativeTarget "ToolkitPackageDescription" */ = {
			isa = XCConfigurationList;
			buildConfigurations = (
				OBJ_98 /* Debug */,
				OBJ_99 /* Release */,
			);
			defaultConfigurationIsVisible = 0;
			defaultConfigurationName = Release;
		};
/* End XCConfigurationList section */
	};
	rootObject = OBJ_1 /* Project object */;
}
